
Microsoft Visual Studio Solution File, Format Version 12.00
# Visual Studio 15
VisualStudioVersion = 15.0.28307.779
MinimumVisualStudioVersion = 10.0.40219.1
Project("{FAE04EC0-301F-11D3-BF4B-00C04F79EFBC}") = "Airports", "Airports\Airports.csproj", "{4F0136B8-BF86-4014-9741-360279C0E69E}"
EndProject
Project("{FAE04EC0-301F-11D3-BF4B-00C04F79EFBC}") = "Airports.Service", "Airports.Service\Airports.Service.csproj", "{B96FC6F1-F3CE-4925-A209-5B835B9D930E}"
EndProject
Project("{FAE04EC0-301F-11D3-BF4B-00C04F79EFBC}") = "Airports.Data", "Airports.Data\Airports.Data.csproj", "{ED1C169D-2D13-4F0F-A68A-88AAD19255A0}"
EndProject
Project("{FAE04EC0-301F-11D3-BF4B-00C04F79EFBC}") = "Airports.Test", "Airports.Test\Airports.Test.csproj", "{1485BDA6-E451-4F6C-B033-5B266F98C8B5}"
EndProject
Project("{FAE04EC0-301F-11D3-BF4B-00C04F79EFBC}") = "Airports.Core", "Airports.Core\Airports.Core.csproj", "{AF26A2F3-7AE0-4DED-9A68-2AD3F9C3F3DB}"
EndProject
Global
	GlobalSection(SolutionConfigurationPlatforms) = preSolution
		Debug|Any CPU = Debug|Any CPU
		Release|Any CPU = Release|Any CPU
	EndGlobalSection
	GlobalSection(ProjectConfigurationPlatforms) = postSolution
		{4F0136B8-BF86-4014-9741-360279C0E69E}.Debug|Any CPU.ActiveCfg = Debug|Any CPU
		{4F0136B8-BF86-4014-9741-360279C0E69E}.Debug|Any CPU.Build.0 = Debug|Any CPU
		{4F0136B8-BF86-4014-9741-360279C0E69E}.Release|Any CPU.ActiveCfg = Release|Any CPU
		{4F0136B8-BF86-4014-9741-360279C0E69E}.Release|Any CPU.Build.0 = Release|Any CPU
		{B96FC6F1-F3CE-4925-A209-5B835B9D930E}.Debug|Any CPU.ActiveCfg = Debug|Any CPU
		{B96FC6F1-F3CE-4925-A209-5B835B9D930E}.Debug|Any CPU.Build.0 = Debug|Any CPU
		{B96FC6F1-F3CE-4925-A209-5B835B9D930E}.Release|Any CPU.ActiveCfg = Release|Any CPU
		{B96FC6F1-F3CE-4925-A209-5B835B9D930E}.Release|Any CPU.Build.0 = Release|Any CPU
		{ED1C169D-2D13-4F0F-A68A-88AAD19255A0}.Debug|Any CPU.ActiveCfg = Debug|Any CPU
		{ED1C169D-2D13-4F0F-A68A-88AAD19255A0}.Debug|Any CPU.Build.0 = Debug|Any CPU
		{ED1C169D-2D13-4F0F-A68A-88AAD19255A0}.Release|Any CPU.ActiveCfg = Release|Any CPU
		{ED1C169D-2D13-4F0F-A68A-88AAD19255A0}.Release|Any CPU.Build.0 = Release|Any CPU
		{1485BDA6-E451-4F6C-B033-5B266F98C8B5}.Debug|Any CPU.ActiveCfg = Debug|Any CPU
		{1485BDA6-E451-4F6C-B033-5B266F98C8B5}.Debug|Any CPU.Build.0 = Debug|Any CPU
		{1485BDA6-E451-4F6C-B033-5B266F98C8B5}.Release|Any CPU.ActiveCfg = Release|Any CPU
		{1485BDA6-E451-4F6C-B033-5B266F98C8B5}.Release|Any CPU.Build.0 = Release|Any CPU
		{AF26A2F3-7AE0-4DED-9A68-2AD3F9C3F3DB}.Debug|Any CPU.ActiveCfg = Debug|Any CPU
		{AF26A2F3-7AE0-4DED-9A68-2AD3F9C3F3DB}.Debug|Any CPU.Build.0 = Debug|Any CPU
		{AF26A2F3-7AE0-4DED-9A68-2AD3F9C3F3DB}.Release|Any CPU.ActiveCfg = Release|Any CPU
		{AF26A2F3-7AE0-4DED-9A68-2AD3F9C3F3DB}.Release|Any CPU.Build.0 = Release|Any CPU
	EndGlobalSection
	GlobalSection(SolutionProperties) = preSolution
		HideSolutionNode = FALSE
	EndGlobalSection
	GlobalSection(ExtensibilityGlobals) = postSolution
		SolutionGuid = {37F4E0CC-DCCA-4333-95F7-0ABB90477816}
	EndGlobalSection
EndGlobal
